
Microsoft Visual Studio Solution File, Format Version 12.00
# Visual Studio Version 16
VisualStudioVersion = 16.0.808.10
MinimumVisualStudioVersion = 10.0.40219.1
Project("{FAE04EC0-301F-11D3-BF4B-00C04F79EFBC}") = "TimeSharerTests", "TimeSharerTests\TimeSharerTests.csproj", "{14372CB5-8B82-443F-B3CA-41EAD0D58BF4}"
EndProject
Project("{FAE04EC0-301F-11D3-BF4B-00C04F79EFBC}") = "TimeSharerApi", "TimeSharerApi\TimeSharerApi.csproj", "{DA14EAA5-DF67-4472-91DD-ADA8C25E405A}"
EndProject
Global
	GlobalSection(SolutionConfigurationPlatforms) = preSolution
		Debug|Any CPU = Debug|Any CPU
		Release|Any CPU = Release|Any CPU
		Default|Any CPU = Default|Any CPU
	EndGlobalSection
	GlobalSection(ProjectConfigurationPlatforms) = postSolution
		{14372CB5-8B82-443F-B3CA-41EAD0D58BF4}.Debug|Any CPU.ActiveCfg = Debug|Any CPU
		{14372CB5-8B82-443F-B3CA-41EAD0D58BF4}.Debug|Any CPU.Build.0 = Debug|Any CPU
		{14372CB5-8B82-443F-B3CA-41EAD0D58BF4}.Release|Any CPU.ActiveCfg = Release|Any CPU
		{14372CB5-8B82-443F-B3CA-41EAD0D58BF4}.Release|Any CPU.Build.0 = Release|Any CPU
		{14372CB5-8B82-443F-B3CA-41EAD0D58BF4}.Default|Any CPU.ActiveCfg = Debug|Any CPU
		{14372CB5-8B82-443F-B3CA-41EAD0D58BF4}.Default|Any CPU.Build.0 = Debug|Any CPU
		{DA14EAA5-DF67-4472-91DD-ADA8C25E405A}.Debug|Any CPU.ActiveCfg = Debug|Any CPU
		{DA14EAA5-DF67-4472-91DD-ADA8C25E405A}.Debug|Any CPU.Build.0 = Debug|Any CPU
		{DA14EAA5-DF67-4472-91DD-ADA8C25E405A}.Release|Any CPU.ActiveCfg = Release|Any CPU
		{DA14EAA5-DF67-4472-91DD-ADA8C25E405A}.Release|Any CPU.Build.0 = Release|Any CPU
		{DA14EAA5-DF67-4472-91DD-ADA8C25E405A}.Default|Any CPU.ActiveCfg = Debug|Any CPU
		{DA14EAA5-DF67-4472-91DD-ADA8C25E405A}.Default|Any CPU.Build.0 = Debug|Any CPU
	EndGlobalSection
	GlobalSection(SolutionProperties) = preSolution
		HideSolutionNode = FALSE
	EndGlobalSection
	GlobalSection(ExtensibilityGlobals) = postSolution
		SolutionGuid = {7E90AA97-5369-466B-9D36-1266D5AFFA97}
	EndGlobalSection
EndGlobal
